[[package]]
name = "anyio"
version = "3.2.1"
description = "High level compatibility layer for multiple asynchronous event loop implementations"
category = "main"
optional = false
python-versions = ">=3.6.2"

[package.dependencies]
idna = ">=2.8"
sniffio = ">=1.1"

[package.extras]
doc = ["sphinx-rtd-theme", "sphinx-autodoc-typehints (>=1.2.0)"]
test = ["coverage[toml] (>=4.5)", "hypothesis (>=4.0)", "pytest (>=6.0)", "pytest-mock (>=3.6.1)", "trustme", "uvloop (<0.15)", "mock (>=4)", "uvloop (>=0.15)"]
trio = ["trio (>=0.16)"]

[[package]]
name = "asgiref"
version = "3.3.4"
description = "ASGI specs, helper code, and adapters"
category = "main"
optional = false
python-versions = ">=3.6"

[package.extras]
tests = ["pytest", "pytest-asyncio", "mypy (>=0.800)"]

[[package]]
name = "click"
version = "8.0.1"
description = "Composable command line interface toolkit"
category = "main"
optional = false
python-versions = ">=3.6"

[package.dependencies]
colorama = {version = "*", markers = "platform_system == \"Windows\""}

[[package]]
name = "colorama"
version = "0.4.4"
description = "Cross-platform colored terminal text."
category = "main"
optional = false
python-versions = ">=2.7, !=3.0.*, !=3.1.*, !=3.2.*, !=3.3.*, !=3.4.*"

[[package]]
name = "h11"
version = "0.12.0"
description = "A pure-Python, bring-your-own-I/O implementation of HTTP/1.1"
category = "main"
optional = false
python-versions = ">=3.6"

[[package]]
name = "idna"
version = "3.2"
description = "Internationalized Domain Names in Applications (IDNA)"
category = "main"
optional = false
python-versions = ">=3.5"

[[package]]
name = "python-dotenv"
version = "0.18.0"
description = "Read key-value pairs from a .env file and set them as environment variables"
category = "main"
optional = false
python-versions = "*"

[package.extras]
cli = ["click (>=5.0)"]

[[package]]
name = "sniffio"
version = "1.2.0"
description = "Sniff out which async library your code is running under"
category = "main"
optional = false
python-versions = ">=3.5"

[[package]]
name = "starlette"
version = "0.15.0"
description = "The little ASGI library that shines."
category = "main"
optional = false
python-versions = ">=3.6"

[package.dependencies]
anyio = ">=3.0.0,<4"

[package.extras]
full = ["itsdangerous", "jinja2", "python-multipart", "pyyaml", "requests", "graphene"]

[[package]]
name = "uvicorn"
version = "0.14.0"
description = "The lightning-fast ASGI server."
category = "main"
optional = false
python-versions = "*"

[package.dependencies]
asgiref = ">=3.3.4"
click = ">=7"
h11 = ">=0.8"

[package.extras]
standard = ["websockets (>=9.1)", "httptools (>=0.2.0,<0.3.0)", "watchgod (>=0.6)", "python-dotenv (>=0.13)", "PyYAML (>=5.1)", "uvloop (>=0.14.0,!=0.15.0,!=0.15.1)", "colorama (>=0.4)"]

[metadata]
lock-version = "1.1"
python-versions = "^3.8"
content-hash = "f0b9d1916d91ae3bb74c789df7b0379d93a373a32c3dadcaa9369d593fdbfa52"

[metadata.files]
anyio = [
    {file = "anyio-3.2.1-py3-none-any.whl", hash = "sha256:442678a3c7e1cdcdbc37dcfe4527aa851b1b0c9162653b516e9f509821691d50"},
    {file = "anyio-3.2.1.tar.gz", hash = "sha256:07968db9fa7c1ca5435a133dc62f988d84ef78e1d9b22814a59d1c62618afbc5"},
]
asgiref = [
    {file = "asgiref-3.3.4-py3-none-any.whl", hash = "sha256:92906c611ce6c967347bbfea733f13d6313901d54dcca88195eaeb52b2a8e8ee"},
    {file = "asgiref-3.3.4.tar.gz", hash = "sha256:d1216dfbdfb63826470995d31caed36225dcaf34f182e0fa257a4dd9e86f1b78"},
]
click = [
    {file = "click-8.0.1-py3-none-any.whl", hash = "sha256:fba402a4a47334742d782209a7c79bc448911afe1149d07bdabdf480b3e2f4b6"},
    {file = "click-8.0.1.tar.gz", hash = "sha256:8c04c11192119b1ef78ea049e0a6f0463e4c48ef00a30160c704337586f3ad7a"},
]
colorama = [
    {file = "colorama-0.4.4-py2.py3-none-any.whl", hash = "sha256:9f47eda37229f68eee03b24b9748937c7dc3868f906e8ba69fbcbdd3bc5dc3e2"},
    {file = "colorama-0.4.4.tar.gz", hash = "sha256:5941b2b48a20143d2267e95b1c2a7603ce057ee39fd88e7329b0c292aa16869b"},
]
h11 = [
    {file = "h11-0.12.0-py3-none-any.whl", hash = "sha256:36a3cb8c0a032f56e2da7084577878a035d3b61d104230d4bd49c0c6b555a9c6"},
    {file = "h11-0.12.0.tar.gz", hash = "sha256:47222cb6067e4a307d535814917cd98fd0a57b6788ce715755fa2b6c28b56042"},
]
idna = [
    {file = "idna-3.2-py3-none-any.whl", hash = "sha256:14475042e284991034cb48e06f6851428fb14c4dc953acd9be9a5e95c7b6dd7a"},
    {file = "idna-3.2.tar.gz", hash = "sha256:467fbad99067910785144ce333826c71fb0e63a425657295239737f7ecd125f3"},
]
python-dotenv = [
    {file = "python-dotenv-0.18.0.tar.gz", hash = "sha256:effaac3c1e58d89b3ccb4d04a40dc7ad6e0275fda25fd75ae9d323e2465e202d"},
    {file = "python_dotenv-0.18.0-py2.py3-none-any.whl", hash = "sha256:dd8fe852847f4fbfadabf6183ddd4c824a9651f02d51714fa075c95561959c7d"},
]
sniffio = [
    {file = "sniffio-1.2.0-py3-none-any.whl", hash = "sha256:471b71698eac1c2112a40ce2752bb2f4a4814c22a54a3eed3676bc0f5ca9f663"},
    {file = "sniffio-1.2.0.tar.gz", hash = "sha256:c4666eecec1d3f50960c6bdf61ab7bc350648da6c126e3cf6898d8cd4ddcd3de"},
]
starlette = [
    {file = "starlette-0.15.0-py3-none-any.whl", hash = "sha256:66dc8464dc4380f591f33248d23913830f501027ac26839329c99177cf119128"},
    {file = "starlette-0.15.0.tar.gz", hash = "sha256:5c6e71fe8a11f690f78ab13363b0993eb7e5446986d3549902a81505afdaa08b"},
]
uvicorn = [
    {file = "uvicorn-0.14.0-py3-none-any.whl", hash = "sha256:2a76bb359171a504b3d1c853409af3adbfa5cef374a4a59e5881945a97a93eae"},
    {file = "uvicorn-0.14.0.tar.gz", hash = "sha256:45ad7dfaaa7d55cab4cd1e85e03f27e9d60bc067ddc59db52a2b0aeca8870292"},
]
